
Microsoft Visual Studio Solution File, Format Version 12.00
# Visual Studio Version 16
VisualStudioVersion = 16.0.28407.52
MinimumVisualStudioVersion = 10.0.40219.1
Project("{9A19103F-16F7-4668-BE54-9A1E7A4F7556}") = "Xperters.DBMigrator", "Xperters.DBMigrator\Xperters.DBMigrator.csproj", "{7D91B6A0-72C7-4CEF-8A92-457E755DAD18}"
EndProject
Project("{9A19103F-16F7-4668-BE54-9A1E7A4F7556}") = "xperters.entities", "..\entities\xperters.entities.csproj", "{BC2FCE82-1D89-49E9-95DD-64494F67BA39}"
EndProject
Project("{9A19103F-16F7-4668-BE54-9A1E7A4F7556}") = "xperters.mockdata", "..\mockdata\xperters.mockdata.csproj", "{DD28DB01-2C10-4528-AE86-E787487F14DF}"
EndProject
Project("{9A19103F-16F7-4668-BE54-9A1E7A4F7556}") = "xperters.domain", "..\domain\xperters.domain.csproj", "{7B573708-E1EC-4DE1-A7E9-F52407BC35F1}"
EndProject
Project("{9A19103F-16F7-4668-BE54-9A1E7A4F7556}") = "xperters.fileutilities", "..\fileutilities\xperters.fileutilities.csproj", "{5917B19D-9BD2-4E3D-9E5F-0A75AD9B7DCC}"
EndProject
Project("{9A19103F-16F7-4668-BE54-9A1E7A4F7556}") = "xperters.models", "..\models\xperters.models.csproj", "{A42DFA01-6C4E-4BCC-90FB-081E6E32CA68}"
EndProject
Project("{9A19103F-16F7-4668-BE54-9A1E7A4F7556}") = "xperters.configurations", "..\configurations\xperters.configurations.csproj", "{055718D8-54EB-431B-ACD7-8DBAA7485129}"
EndProject
Project("{9A19103F-16F7-4668-BE54-9A1E7A4F7556}") = "xperters.constants", "..\constants\xperters.constants.csproj", "{F94DE998-7CA8-4BFC-9F8A-2537939B8294}"
EndProject
Project("{9A19103F-16F7-4668-BE54-9A1E7A4F7556}") = "xperters.infrastructure", "..\infrastructure\xperters.infrastructure.csproj", "{AFE516ED-01AB-4A5D-8AE6-3663DDED92B3}"
EndProject
Project("{9A19103F-16F7-4668-BE54-9A1E7A4F7556}") = "xperters.business", "..\business\xperters.business.csproj", "{1AA9B593-25AE-4D01-A7D2-18EC7A656523}"
EndProject
Project("{9A19103F-16F7-4668-BE54-9A1E7A4F7556}") = "xperters.repositories", "..\repositories\xperters.repositories.csproj", "{1D8D1963-3A60-4083-BEF5-C480AFB7AFAE}"
EndProject
Project("{2150E333-8FDC-42A3-9474-1A3956D46DE8}") = "Libraries", "Libraries", "{EE326740-E5C6-495F-8E79-B3E60AAC9BCF}"
EndProject
Project("{9A19103F-16F7-4668-BE54-9A1E7A4F7556}") = "xperters.enums", "..\enums\xperters.enums.csproj", "{F738781E-A3E8-4374-8688-1A470CF6E522}"
EndProject
Project("{9A19103F-16F7-4668-BE54-9A1E7A4F7556}") = "xperters.fileio", "..\fileio\xperters.fileio.csproj", "{772EC343-57AC-434E-B973-D4B1EEECAD40}"
EndProject
Project("{9A19103F-16F7-4668-BE54-9A1E7A4F7556}") = "xperters.extensions", "..\extensions\xperters.extensions.csproj", "{ADE6DD1E-BBAA-4DDC-89DE-0B37666C6DA7}"
EndProject
Project("{9A19103F-16F7-4668-BE54-9A1E7A4F7556}") = "xperters.encryption", "..\encryption\xperters.encryption.csproj", "{9DA902A3-C3DC-490F-8357-406931892966}"
EndProject
Project("{9A19103F-16F7-4668-BE54-9A1E7A4F7556}") = "xperters.email", "..\email\xperters.email.csproj", "{B7C07E84-DF02-41D3-A4F2-CBEBD1FCE08D}"
EndProject
Project("{9A19103F-16F7-4668-BE54-9A1E7A4F7556}") = "xperters.payments", "..\payments\xperters.payments.csproj", "{7F5960C1-6E6C-421E-A71F-79D66B58C22C}"
EndProject
Project("{9A19103F-16F7-4668-BE54-9A1E7A4F7556}") = "xperters.http", "..\http\xperters.http.csproj", "{0EE519E0-A62D-4B33-A7E0-90D5C15484AE}"
EndProject
Project("{9A19103F-16F7-4668-BE54-9A1E7A4F7556}") = "xperters.azuread", "..\azuread\xperters.azuread.csproj", "{B70DB4A4-2A03-4088-AD12-E25B19795791}"
EndProject
Project("{9A19103F-16F7-4668-BE54-9A1E7A4F7556}") = "xperters.requestheaders", "..\requestheaders\xperters.requestheaders.csproj", "{4B628BDA-7B0E-4602-9C3C-A65EE73B750B}"
EndProject
Project("{9A19103F-16F7-4668-BE54-9A1E7A4F7556}") = "xperters.queues", "..\queues\xperters.queues.csproj", "{3125F1F0-B13E-4B26-B79F-2E9C5CE4A0AC}"
EndProject
Global
	GlobalSection(SolutionConfigurationPlatforms) = preSolution
		Debug|Any CPU = Debug|Any CPU
		Debug-Mocks|Any CPU = Debug-Mocks|Any CPU
		D-No-Nugets|Any CPU = D-No-Nugets|Any CPU
		Release|Any CPU = Release|Any CPU
	EndGlobalSection
	GlobalSection(ProjectConfigurationPlatforms) = postSolution
		{7D91B6A0-72C7-4CEF-8A92-457E755DAD18}.Debug|Any CPU.ActiveCfg = Debug|Any CPU
		{7D91B6A0-72C7-4CEF-8A92-457E755DAD18}.Debug|Any CPU.Build.0 = Debug|Any CPU
		{7D91B6A0-72C7-4CEF-8A92-457E755DAD18}.Debug-Mocks|Any CPU.ActiveCfg = Debug-Mocks|Any CPU
		{7D91B6A0-72C7-4CEF-8A92-457E755DAD18}.Debug-Mocks|Any CPU.Build.0 = Debug-Mocks|Any CPU
		{7D91B6A0-72C7-4CEF-8A92-457E755DAD18}.D-No-Nugets|Any CPU.ActiveCfg = D-No-Nugets|Any CPU
		{7D91B6A0-72C7-4CEF-8A92-457E755DAD18}.D-No-Nugets|Any CPU.Build.0 = D-No-Nugets|Any CPU
		{7D91B6A0-72C7-4CEF-8A92-457E755DAD18}.Release|Any CPU.ActiveCfg = Release|Any CPU
		{7D91B6A0-72C7-4CEF-8A92-457E755DAD18}.Release|Any CPU.Build.0 = Release|Any CPU
		{BC2FCE82-1D89-49E9-95DD-64494F67BA39}.Debug|Any CPU.ActiveCfg = Debug|Any CPU
		{BC2FCE82-1D89-49E9-95DD-64494F67BA39}.Debug|Any CPU.Build.0 = Debug|Any CPU
		{BC2FCE82-1D89-49E9-95DD-64494F67BA39}.Debug-Mocks|Any CPU.ActiveCfg = Debug|Any CPU
		{BC2FCE82-1D89-49E9-95DD-64494F67BA39}.Debug-Mocks|Any CPU.Build.0 = Debug|Any CPU
		{BC2FCE82-1D89-49E9-95DD-64494F67BA39}.D-No-Nugets|Any CPU.ActiveCfg = D-No-Nugets|Any CPU
		{BC2FCE82-1D89-49E9-95DD-64494F67BA39}.D-No-Nugets|Any CPU.Build.0 = D-No-Nugets|Any CPU
		{BC2FCE82-1D89-49E9-95DD-64494F67BA39}.Release|Any CPU.ActiveCfg = Release|Any CPU
		{BC2FCE82-1D89-49E9-95DD-64494F67BA39}.Release|Any CPU.Build.0 = Release|Any CPU
		{DD28DB01-2C10-4528-AE86-E787487F14DF}.Debug|Any CPU.ActiveCfg = Debug|Any CPU
		{DD28DB01-2C10-4528-AE86-E787487F14DF}.Debug|Any CPU.Build.0 = Debug|Any CPU
		{DD28DB01-2C10-4528-AE86-E787487F14DF}.Debug-Mocks|Any CPU.ActiveCfg = Debug-Mocks|Any CPU
		{DD28DB01-2C10-4528-AE86-E787487F14DF}.Debug-Mocks|Any CPU.Build.0 = Debug-Mocks|Any CPU
		{DD28DB01-2C10-4528-AE86-E787487F14DF}.D-No-Nugets|Any CPU.ActiveCfg = D-No-Nugets|Any CPU
		{DD28DB01-2C10-4528-AE86-E787487F14DF}.D-No-Nugets|Any CPU.Build.0 = D-No-Nugets|Any CPU
		{DD28DB01-2C10-4528-AE86-E787487F14DF}.Release|Any CPU.ActiveCfg = Release|Any CPU
		{DD28DB01-2C10-4528-AE86-E787487F14DF}.Release|Any CPU.Build.0 = Release|Any CPU
		{7B573708-E1EC-4DE1-A7E9-F52407BC35F1}.Debug|Any CPU.ActiveCfg = Debug|Any CPU
		{7B573708-E1EC-4DE1-A7E9-F52407BC35F1}.Debug|Any CPU.Build.0 = Debug|Any CPU
		{7B573708-E1EC-4DE1-A7E9-F52407BC35F1}.Debug-Mocks|Any CPU.ActiveCfg = Debug-Mocks|Any CPU
		{7B573708-E1EC-4DE1-A7E9-F52407BC35F1}.Debug-Mocks|Any CPU.Build.0 = Debug-Mocks|Any CPU
		{7B573708-E1EC-4DE1-A7E9-F52407BC35F1}.D-No-Nugets|Any CPU.ActiveCfg = D-No-Nugets|Any CPU
		{7B573708-E1EC-4DE1-A7E9-F52407BC35F1}.D-No-Nugets|Any CPU.Build.0 = D-No-Nugets|Any CPU
		{7B573708-E1EC-4DE1-A7E9-F52407BC35F1}.Release|Any CPU.ActiveCfg = Release|Any CPU
		{7B573708-E1EC-4DE1-A7E9-F52407BC35F1}.Release|Any CPU.Build.0 = Release|Any CPU
		{5917B19D-9BD2-4E3D-9E5F-0A75AD9B7DCC}.Debug|Any CPU.ActiveCfg = Debug|Any CPU
		{5917B19D-9BD2-4E3D-9E5F-0A75AD9B7DCC}.Debug|Any CPU.Build.0 = Debug|Any CPU
		{5917B19D-9BD2-4E3D-9E5F-0A75AD9B7DCC}.Debug-Mocks|Any CPU.ActiveCfg = Debug-Mocks|Any CPU
		{5917B19D-9BD2-4E3D-9E5F-0A75AD9B7DCC}.Debug-Mocks|Any CPU.Build.0 = Debug-Mocks|Any CPU
		{5917B19D-9BD2-4E3D-9E5F-0A75AD9B7DCC}.D-No-Nugets|Any CPU.ActiveCfg = D-No-Nugets|Any CPU
		{5917B19D-9BD2-4E3D-9E5F-0A75AD9B7DCC}.D-No-Nugets|Any CPU.Build.0 = D-No-Nugets|Any CPU
		{5917B19D-9BD2-4E3D-9E5F-0A75AD9B7DCC}.Release|Any CPU.ActiveCfg = Release|Any CPU
		{5917B19D-9BD2-4E3D-9E5F-0A75AD9B7DCC}.Release|Any CPU.Build.0 = Release|Any CPU
		{A42DFA01-6C4E-4BCC-90FB-081E6E32CA68}.Debug|Any CPU.ActiveCfg = Debug|Any CPU
		{A42DFA01-6C4E-4BCC-90FB-081E6E32CA68}.Debug|Any CPU.Build.0 = Debug|Any CPU
		{A42DFA01-6C4E-4BCC-90FB-081E6E32CA68}.Debug-Mocks|Any CPU.ActiveCfg = Debug|Any CPU
		{A42DFA01-6C4E-4BCC-90FB-081E6E32CA68}.Debug-Mocks|Any CPU.Build.0 = Debug|Any CPU
		{A42DFA01-6C4E-4BCC-90FB-081E6E32CA68}.D-No-Nugets|Any CPU.ActiveCfg = D-No-Nugets|Any CPU
		{A42DFA01-6C4E-4BCC-90FB-081E6E32CA68}.D-No-Nugets|Any CPU.Build.0 = D-No-Nugets|Any CPU
		{A42DFA01-6C4E-4BCC-90FB-081E6E32CA68}.Release|Any CPU.ActiveCfg = Release|Any CPU
		{A42DFA01-6C4E-4BCC-90FB-081E6E32CA68}.Release|Any CPU.Build.0 = Release|Any CPU
		{055718D8-54EB-431B-ACD7-8DBAA7485129}.Debug|Any CPU.ActiveCfg = Debug|Any CPU
		{055718D8-54EB-431B-ACD7-8DBAA7485129}.Debug|Any CPU.Build.0 = Debug|Any CPU
		{055718D8-54EB-431B-ACD7-8DBAA7485129}.Debug-Mocks|Any CPU.ActiveCfg = Debug|Any CPU
		{055718D8-54EB-431B-ACD7-8DBAA7485129}.Debug-Mocks|Any CPU.Build.0 = Debug|Any CPU
		{055718D8-54EB-431B-ACD7-8DBAA7485129}.D-No-Nugets|Any CPU.ActiveCfg = D-No-Nugets|Any CPU
		{055718D8-54EB-431B-ACD7-8DBAA7485129}.D-No-Nugets|Any CPU.Build.0 = D-No-Nugets|Any CPU
		{055718D8-54EB-431B-ACD7-8DBAA7485129}.Release|Any CPU.ActiveCfg = Release|Any CPU
		{055718D8-54EB-431B-ACD7-8DBAA7485129}.Release|Any CPU.Build.0 = Release|Any CPU
		{F94DE998-7CA8-4BFC-9F8A-2537939B8294}.Debug|Any CPU.ActiveCfg = Debug|Any CPU
		{F94DE998-7CA8-4BFC-9F8A-2537939B8294}.Debug|Any CPU.Build.0 = Debug|Any CPU
		{F94DE998-7CA8-4BFC-9F8A-2537939B8294}.Debug-Mocks|Any CPU.ActiveCfg = Debug|Any CPU
		{F94DE998-7CA8-4BFC-9F8A-2537939B8294}.Debug-Mocks|Any CPU.Build.0 = Debug|Any CPU
		{F94DE998-7CA8-4BFC-9F8A-2537939B8294}.D-No-Nugets|Any CPU.ActiveCfg = D-No-Nugets|Any CPU
		{F94DE998-7CA8-4BFC-9F8A-2537939B8294}.D-No-Nugets|Any CPU.Build.0 = D-No-Nugets|Any CPU
		{F94DE998-7CA8-4BFC-9F8A-2537939B8294}.Release|Any CPU.ActiveCfg = Release|Any CPU
		{F94DE998-7CA8-4BFC-9F8A-2537939B8294}.Release|Any CPU.Build.0 = Release|Any CPU
		{AFE516ED-01AB-4A5D-8AE6-3663DDED92B3}.Debug|Any CPU.ActiveCfg = Debug|Any CPU
		{AFE516ED-01AB-4A5D-8AE6-3663DDED92B3}.Debug|Any CPU.Build.0 = Debug|Any CPU
		{AFE516ED-01AB-4A5D-8AE6-3663DDED92B3}.Debug-Mocks|Any CPU.ActiveCfg = Debug|Any CPU
		{AFE516ED-01AB-4A5D-8AE6-3663DDED92B3}.Debug-Mocks|Any CPU.Build.0 = Debug|Any CPU
		{AFE516ED-01AB-4A5D-8AE6-3663DDED92B3}.D-No-Nugets|Any CPU.ActiveCfg = D-No-Nugets|Any CPU
		{AFE516ED-01AB-4A5D-8AE6-3663DDED92B3}.D-No-Nugets|Any CPU.Build.0 = D-No-Nugets|Any CPU
		{AFE516ED-01AB-4A5D-8AE6-3663DDED92B3}.Release|Any CPU.ActiveCfg = Release|Any CPU
		{AFE516ED-01AB-4A5D-8AE6-3663DDED92B3}.Release|Any CPU.Build.0 = Release|Any CPU
		{1AA9B593-25AE-4D01-A7D2-18EC7A656523}.Debug|Any CPU.ActiveCfg = Debug|Any CPU
		{1AA9B593-25AE-4D01-A7D2-18EC7A656523}.Debug|Any CPU.Build.0 = Debug|Any CPU
		{1AA9B593-25AE-4D01-A7D2-18EC7A656523}.Debug-Mocks|Any CPU.ActiveCfg = Debug-Mocks|Any CPU
		{1AA9B593-25AE-4D01-A7D2-18EC7A656523}.Debug-Mocks|Any CPU.Build.0 = Debug-Mocks|Any CPU
		{1AA9B593-25AE-4D01-A7D2-18EC7A656523}.D-No-Nugets|Any CPU.ActiveCfg = D-No-Nugets|Any CPU
		{1AA9B593-25AE-4D01-A7D2-18EC7A656523}.D-No-Nugets|Any CPU.Build.0 = D-No-Nugets|Any CPU
		{1AA9B593-25AE-4D01-A7D2-18EC7A656523}.Release|Any CPU.ActiveCfg = Release|Any CPU
		{1AA9B593-25AE-4D01-A7D2-18EC7A656523}.Release|Any CPU.Build.0 = Release|Any CPU
		{1D8D1963-3A60-4083-BEF5-C480AFB7AFAE}.Debug|Any CPU.ActiveCfg = Debug|Any CPU
		{1D8D1963-3A60-4083-BEF5-C480AFB7AFAE}.Debug|Any CPU.Build.0 = Debug|Any CPU
		{1D8D1963-3A60-4083-BEF5-C480AFB7AFAE}.Debug-Mocks|Any CPU.ActiveCfg = Debug-Mocks|Any CPU
		{1D8D1963-3A60-4083-BEF5-C480AFB7AFAE}.Debug-Mocks|Any CPU.Build.0 = Debug-Mocks|Any CPU
		{1D8D1963-3A60-4083-BEF5-C480AFB7AFAE}.D-No-Nugets|Any CPU.ActiveCfg = D-No-Nugets|Any CPU
		{1D8D1963-3A60-4083-BEF5-C480AFB7AFAE}.D-No-Nugets|Any CPU.Build.0 = D-No-Nugets|Any CPU
		{1D8D1963-3A60-4083-BEF5-C480AFB7AFAE}.Release|Any CPU.ActiveCfg = Release|Any CPU
		{1D8D1963-3A60-4083-BEF5-C480AFB7AFAE}.Release|Any CPU.Build.0 = Release|Any CPU
		{F738781E-A3E8-4374-8688-1A470CF6E522}.Debug|Any CPU.ActiveCfg = Debug|Any CPU
		{F738781E-A3E8-4374-8688-1A470CF6E522}.Debug|Any CPU.Build.0 = Debug|Any CPU
		{F738781E-A3E8-4374-8688-1A470CF6E522}.Debug-Mocks|Any CPU.ActiveCfg = Debug|Any CPU
		{F738781E-A3E8-4374-8688-1A470CF6E522}.Debug-Mocks|Any CPU.Build.0 = Debug|Any CPU
		{F738781E-A3E8-4374-8688-1A470CF6E522}.D-No-Nugets|Any CPU.ActiveCfg = D-No-Nugets|Any CPU
		{F738781E-A3E8-4374-8688-1A470CF6E522}.D-No-Nugets|Any CPU.Build.0 = D-No-Nugets|Any CPU
		{F738781E-A3E8-4374-8688-1A470CF6E522}.Release|Any CPU.ActiveCfg = Release|Any CPU
		{F738781E-A3E8-4374-8688-1A470CF6E522}.Release|Any CPU.Build.0 = Release|Any CPU
		{772EC343-57AC-434E-B973-D4B1EEECAD40}.Debug|Any CPU.ActiveCfg = Debug|Any CPU
		{772EC343-57AC-434E-B973-D4B1EEECAD40}.Debug|Any CPU.Build.0 = Debug|Any CPU
		{772EC343-57AC-434E-B973-D4B1EEECAD40}.Debug-Mocks|Any CPU.ActiveCfg = Debug|Any CPU
		{772EC343-57AC-434E-B973-D4B1EEECAD40}.Debug-Mocks|Any CPU.Build.0 = Debug|Any CPU
		{772EC343-57AC-434E-B973-D4B1EEECAD40}.D-No-Nugets|Any CPU.ActiveCfg = D-No-Nugets|Any CPU
		{772EC343-57AC-434E-B973-D4B1EEECAD40}.D-No-Nugets|Any CPU.Build.0 = D-No-Nugets|Any CPU
		{772EC343-57AC-434E-B973-D4B1EEECAD40}.Release|Any CPU.ActiveCfg = Release|Any CPU
		{772EC343-57AC-434E-B973-D4B1EEECAD40}.Release|Any CPU.Build.0 = Release|Any CPU
		{ADE6DD1E-BBAA-4DDC-89DE-0B37666C6DA7}.Debug|Any CPU.ActiveCfg = Debug|Any CPU
		{ADE6DD1E-BBAA-4DDC-89DE-0B37666C6DA7}.Debug|Any CPU.Build.0 = Debug|Any CPU
		{ADE6DD1E-BBAA-4DDC-89DE-0B37666C6DA7}.Debug-Mocks|Any CPU.ActiveCfg = Debug|Any CPU
		{ADE6DD1E-BBAA-4DDC-89DE-0B37666C6DA7}.Debug-Mocks|Any CPU.Build.0 = Debug|Any CPU
		{ADE6DD1E-BBAA-4DDC-89DE-0B37666C6DA7}.D-No-Nugets|Any CPU.ActiveCfg = D-No-Nugets|Any CPU
		{ADE6DD1E-BBAA-4DDC-89DE-0B37666C6DA7}.D-No-Nugets|Any CPU.Build.0 = D-No-Nugets|Any CPU
		{ADE6DD1E-BBAA-4DDC-89DE-0B37666C6DA7}.Release|Any CPU.ActiveCfg = Release|Any CPU
		{ADE6DD1E-BBAA-4DDC-89DE-0B37666C6DA7}.Release|Any CPU.Build.0 = Release|Any CPU
		{9DA902A3-C3DC-490F-8357-406931892966}.Debug|Any CPU.ActiveCfg = Debug|Any CPU
		{9DA902A3-C3DC-490F-8357-406931892966}.Debug|Any CPU.Build.0 = Debug|Any CPU
		{9DA902A3-C3DC-490F-8357-406931892966}.Debug-Mocks|Any CPU.ActiveCfg = Debug|Any CPU
		{9DA902A3-C3DC-490F-8357-406931892966}.Debug-Mocks|Any CPU.Build.0 = Debug|Any CPU
		{9DA902A3-C3DC-490F-8357-406931892966}.D-No-Nugets|Any CPU.ActiveCfg = D-No-Nugets|Any CPU
		{9DA902A3-C3DC-490F-8357-406931892966}.D-No-Nugets|Any CPU.Build.0 = D-No-Nugets|Any CPU
		{9DA902A3-C3DC-490F-8357-406931892966}.Release|Any CPU.ActiveCfg = Release|Any CPU
		{9DA902A3-C3DC-490F-8357-406931892966}.Release|Any CPU.Build.0 = Release|Any CPU
		{B7C07E84-DF02-41D3-A4F2-CBEBD1FCE08D}.Debug|Any CPU.ActiveCfg = Debug|Any CPU
		{B7C07E84-DF02-41D3-A4F2-CBEBD1FCE08D}.Debug|Any CPU.Build.0 = Debug|Any CPU
		{B7C07E84-DF02-41D3-A4F2-CBEBD1FCE08D}.Debug-Mocks|Any CPU.ActiveCfg = Debug|Any CPU
		{B7C07E84-DF02-41D3-A4F2-CBEBD1FCE08D}.Debug-Mocks|Any CPU.Build.0 = Debug|Any CPU
		{B7C07E84-DF02-41D3-A4F2-CBEBD1FCE08D}.D-No-Nugets|Any CPU.ActiveCfg = D-No-Nugets|Any CPU
		{B7C07E84-DF02-41D3-A4F2-CBEBD1FCE08D}.D-No-Nugets|Any CPU.Build.0 = D-No-Nugets|Any CPU
		{B7C07E84-DF02-41D3-A4F2-CBEBD1FCE08D}.Release|Any CPU.ActiveCfg = Release|Any CPU
		{B7C07E84-DF02-41D3-A4F2-CBEBD1FCE08D}.Release|Any CPU.Build.0 = Release|Any CPU
		{7F5960C1-6E6C-421E-A71F-79D66B58C22C}.Debug|Any CPU.ActiveCfg = Debug|Any CPU
		{7F5960C1-6E6C-421E-A71F-79D66B58C22C}.Debug|Any CPU.Build.0 = Debug|Any CPU
		{7F5960C1-6E6C-421E-A71F-79D66B58C22C}.Debug-Mocks|Any CPU.ActiveCfg = Debug|Any CPU
		{7F5960C1-6E6C-421E-A71F-79D66B58C22C}.Debug-Mocks|Any CPU.Build.0 = Debug|Any CPU
		{7F5960C1-6E6C-421E-A71F-79D66B58C22C}.D-No-Nugets|Any CPU.ActiveCfg = D-No-Nugets|Any CPU
		{7F5960C1-6E6C-421E-A71F-79D66B58C22C}.D-No-Nugets|Any CPU.Build.0 = D-No-Nugets|Any CPU
		{7F5960C1-6E6C-421E-A71F-79D66B58C22C}.Release|Any CPU.ActiveCfg = Release|Any CPU
		{7F5960C1-6E6C-421E-A71F-79D66B58C22C}.Release|Any CPU.Build.0 = Release|Any CPU
		{0EE519E0-A62D-4B33-A7E0-90D5C15484AE}.Debug|Any CPU.ActiveCfg = Debug|Any CPU
		{0EE519E0-A62D-4B33-A7E0-90D5C15484AE}.Debug|Any CPU.Build.0 = Debug|Any CPU
		{0EE519E0-A62D-4B33-A7E0-90D5C15484AE}.Debug-Mocks|Any CPU.ActiveCfg = Debug|Any CPU
		{0EE519E0-A62D-4B33-A7E0-90D5C15484AE}.Debug-Mocks|Any CPU.Build.0 = Debug|Any CPU
		{0EE519E0-A62D-4B33-A7E0-90D5C15484AE}.D-No-Nugets|Any CPU.ActiveCfg = D-No-Nugets|Any CPU
		{0EE519E0-A62D-4B33-A7E0-90D5C15484AE}.D-No-Nugets|Any CPU.Build.0 = D-No-Nugets|Any CPU
		{0EE519E0-A62D-4B33-A7E0-90D5C15484AE}.Release|Any CPU.ActiveCfg = Release|Any CPU
		{0EE519E0-A62D-4B33-A7E0-90D5C15484AE}.Release|Any CPU.Build.0 = Release|Any CPU
		{B70DB4A4-2A03-4088-AD12-E25B19795791}.Debug|Any CPU.ActiveCfg = Debug|Any CPU
		{B70DB4A4-2A03-4088-AD12-E25B19795791}.Debug|Any CPU.Build.0 = Debug|Any CPU
		{B70DB4A4-2A03-4088-AD12-E25B19795791}.Debug-Mocks|Any CPU.ActiveCfg = Debug|Any CPU
		{B70DB4A4-2A03-4088-AD12-E25B19795791}.Debug-Mocks|Any CPU.Build.0 = Debug|Any CPU
		{B70DB4A4-2A03-4088-AD12-E25B19795791}.D-No-Nugets|Any CPU.ActiveCfg = D-No-Nugets|Any CPU
		{B70DB4A4-2A03-4088-AD12-E25B19795791}.D-No-Nugets|Any CPU.Build.0 = D-No-Nugets|Any CPU
		{B70DB4A4-2A03-4088-AD12-E25B19795791}.Release|Any CPU.ActiveCfg = Release|Any CPU
		{B70DB4A4-2A03-4088-AD12-E25B19795791}.Release|Any CPU.Build.0 = Release|Any CPU
		{4B628BDA-7B0E-4602-9C3C-A65EE73B750B}.Debug|Any CPU.ActiveCfg = Debug|Any CPU
		{4B628BDA-7B0E-4602-9C3C-A65EE73B750B}.Debug|Any CPU.Build.0 = Debug|Any CPU
		{4B628BDA-7B0E-4602-9C3C-A65EE73B750B}.Debug-Mocks|Any CPU.ActiveCfg = Debug|Any CPU
		{4B628BDA-7B0E-4602-9C3C-A65EE73B750B}.Debug-Mocks|Any CPU.Build.0 = Debug|Any CPU
		{4B628BDA-7B0E-4602-9C3C-A65EE73B750B}.D-No-Nugets|Any CPU.ActiveCfg = D-No-Nugets|Any CPU
		{4B628BDA-7B0E-4602-9C3C-A65EE73B750B}.D-No-Nugets|Any CPU.Build.0 = D-No-Nugets|Any CPU
		{4B628BDA-7B0E-4602-9C3C-A65EE73B750B}.Release|Any CPU.ActiveCfg = Release|Any CPU
		{4B628BDA-7B0E-4602-9C3C-A65EE73B750B}.Release|Any CPU.Build.0 = Release|Any CPU
		{3125F1F0-B13E-4B26-B79F-2E9C5CE4A0AC}.Debug|Any CPU.ActiveCfg = Debug|Any CPU
		{3125F1F0-B13E-4B26-B79F-2E9C5CE4A0AC}.Debug|Any CPU.Build.0 = Debug|Any CPU
		{3125F1F0-B13E-4B26-B79F-2E9C5CE4A0AC}.Debug-Mocks|Any CPU.ActiveCfg = Debug|Any CPU
		{3125F1F0-B13E-4B26-B79F-2E9C5CE4A0AC}.Debug-Mocks|Any CPU.Build.0 = Debug|Any CPU
		{3125F1F0-B13E-4B26-B79F-2E9C5CE4A0AC}.D-No-Nugets|Any CPU.ActiveCfg = D-No-Nugets|Any CPU
		{3125F1F0-B13E-4B26-B79F-2E9C5CE4A0AC}.D-No-Nugets|Any CPU.Build.0 = D-No-Nugets|Any CPU
		{3125F1F0-B13E-4B26-B79F-2E9C5CE4A0AC}.Release|Any CPU.ActiveCfg = Release|Any CPU
		{3125F1F0-B13E-4B26-B79F-2E9C5CE4A0AC}.Release|Any CPU.Build.0 = Release|Any CPU
	EndGlobalSection
	GlobalSection(SolutionProperties) = preSolution
		HideSolutionNode = FALSE
	EndGlobalSection
	GlobalSection(NestedProjects) = preSolution
		{BC2FCE82-1D89-49E9-95DD-64494F67BA39} = {EE326740-E5C6-495F-8E79-B3E60AAC9BCF}
		{DD28DB01-2C10-4528-AE86-E787487F14DF} = {EE326740-E5C6-495F-8E79-B3E60AAC9BCF}
		{7B573708-E1EC-4DE1-A7E9-F52407BC35F1} = {EE326740-E5C6-495F-8E79-B3E60AAC9BCF}
		{5917B19D-9BD2-4E3D-9E5F-0A75AD9B7DCC} = {EE326740-E5C6-495F-8E79-B3E60AAC9BCF}
		{A42DFA01-6C4E-4BCC-90FB-081E6E32CA68} = {EE326740-E5C6-495F-8E79-B3E60AAC9BCF}
		{055718D8-54EB-431B-ACD7-8DBAA7485129} = {EE326740-E5C6-495F-8E79-B3E60AAC9BCF}
		{F94DE998-7CA8-4BFC-9F8A-2537939B8294} = {EE326740-E5C6-495F-8E79-B3E60AAC9BCF}
		{AFE516ED-01AB-4A5D-8AE6-3663DDED92B3} = {EE326740-E5C6-495F-8E79-B3E60AAC9BCF}
		{1AA9B593-25AE-4D01-A7D2-18EC7A656523} = {EE326740-E5C6-495F-8E79-B3E60AAC9BCF}
		{1D8D1963-3A60-4083-BEF5-C480AFB7AFAE} = {EE326740-E5C6-495F-8E79-B3E60AAC9BCF}
		{F738781E-A3E8-4374-8688-1A470CF6E522} = {EE326740-E5C6-495F-8E79-B3E60AAC9BCF}
		{772EC343-57AC-434E-B973-D4B1EEECAD40} = {EE326740-E5C6-495F-8E79-B3E60AAC9BCF}
		{ADE6DD1E-BBAA-4DDC-89DE-0B37666C6DA7} = {EE326740-E5C6-495F-8E79-B3E60AAC9BCF}
		{9DA902A3-C3DC-490F-8357-406931892966} = {EE326740-E5C6-495F-8E79-B3E60AAC9BCF}
		{B7C07E84-DF02-41D3-A4F2-CBEBD1FCE08D} = {EE326740-E5C6-495F-8E79-B3E60AAC9BCF}
		{7F5960C1-6E6C-421E-A71F-79D66B58C22C} = {EE326740-E5C6-495F-8E79-B3E60AAC9BCF}
		{0EE519E0-A62D-4B33-A7E0-90D5C15484AE} = {EE326740-E5C6-495F-8E79-B3E60AAC9BCF}
		{B70DB4A4-2A03-4088-AD12-E25B19795791} = {EE326740-E5C6-495F-8E79-B3E60AAC9BCF}
		{4B628BDA-7B0E-4602-9C3C-A65EE73B750B} = {EE326740-E5C6-495F-8E79-B3E60AAC9BCF}
		{3125F1F0-B13E-4B26-B79F-2E9C5CE4A0AC} = {EE326740-E5C6-495F-8E79-B3E60AAC9BCF}
	EndGlobalSection
	GlobalSection(ExtensibilityGlobals) = postSolution
		SolutionGuid = {38674828-5616-4D2C-9F0E-8877C384589E}
	EndGlobalSection
EndGlobal
